Microsoft Visual Studio Solution File, Format Version 12.00
# Visual Studio Version 16
VisualStudioVersion = 16.0.0.0
MinimumVisualStudioVersion = 16.0.0.0
Project("{9A19103F-16F7-4668-BE54-9A1E7A4F7556}") = "ExamenRegu.Server", "Server\ExamenRegu.Server.csproj", "{72F4CFE4-5D4F-4B60-BB40-BE82674489A8}"
EndProject
Project("{9A19103F-16F7-4668-BE54-9A1E7A4F7556}") = "ExamenRegu.Client", "Client\ExamenRegu.Client.csproj", "{606107AF-095F-4667-805F-CA5A2B58FE3C}"
EndProject
Project("{9A19103F-16F7-4668-BE54-9A1E7A4F7556}") = "ExamenRegu.Shared", "Shared\ExamenRegu.Shared.csproj", "{017C463C-F514-48A4-95CC-123C68D1C164}"
EndProject
Global
	GlobalSection(SolutionConfigurationPlatforms) = preSolution
		Debug|Any CPU = Debug|Any CPU
		Debug|x64 = Debug|x64
		Debug|x86 = Debug|x86
		Release|Any CPU = Release|Any CPU
		Release|x64 = Release|x64
		Release|x86 = Release|x86
	EndGlobalSection
	GlobalSection(ProjectConfigurationPlatforms) = postSolution
		{606107AF-095F-4667-805F-CA5A2B58FE3C}.Debug|Any CPU.ActiveCfg = Debug|Any CPU
		{606107AF-095F-4667-805F-CA5A2B58FE3C}.Debug|Any CPU.Build.0 = Debug|Any CPU
		{606107AF-095F-4667-805F-CA5A2B58FE3C}.Debug|x64.ActiveCfg = Debug|Any CPU
		{606107AF-095F-4667-805F-CA5A2B58FE3C}.Debug|x64.Build.0 = Debug|Any CPU
		{606107AF-095F-4667-805F-CA5A2B58FE3C}.Debug|x86.ActiveCfg = Debug|Any CPU
		{606107AF-095F-4667-805F-CA5A2B58FE3C}.Debug|x86.Build.0 = Debug|Any CPU
		{606107AF-095F-4667-805F-CA5A2B58FE3C}.Release|Any CPU.ActiveCfg = Release|Any CPU
		{606107AF-095F-4667-805F-CA5A2B58FE3C}.Release|Any CPU.Build.0 = Release|Any CPU
		{606107AF-095F-4667-805F-CA5A2B58FE3C}.Release|x64.ActiveCfg = Release|Any CPU
		{606107AF-095F-4667-805F-CA5A2B58FE3C}.Release|x64.Build.0 = Release|Any CPU
		{606107AF-095F-4667-805F-CA5A2B58FE3C}.Release|x86.ActiveCfg = Release|Any CPU
		{606107AF-095F-4667-805F-CA5A2B58FE3C}.Release|x86.Build.0 = Release|Any CPU
		{72F4CFE4-5D4F-4B60-BB40-BE82674489A8}.Debug|Any CPU.ActiveCfg = Debug|Any CPU
		{72F4CFE4-5D4F-4B60-BB40-BE82674489A8}.Debug|Any CPU.Build.0 = Debug|Any CPU
		{72F4CFE4-5D4F-4B60-BB40-BE82674489A8}.Debug|x64.ActiveCfg = Debug|Any CPU
		{72F4CFE4-5D4F-4B60-BB40-BE82674489A8}.Debug|x64.Build.0 = Debug|Any CPU
		{72F4CFE4-5D4F-4B60-BB40-BE82674489A8}.Debug|x86.ActiveCfg = Debug|Any CPU
		{72F4CFE4-5D4F-4B60-BB40-BE82674489A8}.Debug|x86.Build.0 = Debug|Any CPU
		{72F4CFE4-5D4F-4B60-BB40-BE82674489A8}.Release|Any CPU.ActiveCfg = Release|Any CPU
		{72F4CFE4-5D4F-4B60-BB40-BE82674489A8}.Release|Any CPU.Build.0 = Release|Any CPU
		{72F4CFE4-5D4F-4B60-BB40-BE82674489A8}.Release|x64.ActiveCfg = Release|Any CPU
		{72F4CFE4-5D4F-4B60-BB40-BE82674489A8}.Release|x64.Build.0 = Release|Any CPU
		{72F4CFE4-5D4F-4B60-BB40-BE82674489A8}.Release|x86.ActiveCfg = Release|Any CPU
		{72F4CFE4-5D4F-4B60-BB40-BE82674489A8}.Release|x86.Build.0 = Release|Any CPU
		{017C463C-F514-48A4-95CC-123C68D1C164}.Debug|Any CPU.ActiveCfg = Debug|Any CPU
		{017C463C-F514-48A4-95CC-123C68D1C164}.Debug|Any CPU.Build.0 = Debug|Any CPU
		{017C463C-F514-48A4-95CC-123C68D1C164}.Debug|x64.ActiveCfg = Debug|Any CPU
		{017C463C-F514-48A4-95CC-123C68D1C164}.Debug|x64.Build.0 = Debug|Any CPU
		{017C463C-F514-48A4-95CC-123C68D1C164}.Debug|x86.ActiveCfg = Debug|Any CPU
		{017C463C-F514-48A4-95CC-123C68D1C164}.Debug|x86.Build.0 = Debug|Any CPU
		{017C463C-F514-48A4-95CC-123C68D1C164}.Release|Any CPU.ActiveCfg = Release|Any CPU
		{017C463C-F514-48A4-95CC-123C68D1C164}.Release|Any CPU.Build.0 = Release|Any CPU
		{017C463C-F514-48A4-95CC-123C68D1C164}.Release|x64.ActiveCfg = Release|Any CPU
		{017C463C-F514-48A4-95CC-123C68D1C164}.Release|x64.Build.0 = Release|Any CPU
		{017C463C-F514-48A4-95CC-123C68D1C164}.Release|x86.ActiveCfg = Release|Any CPU
		{017C463C-F514-48A4-95CC-123C68D1C164}.Release|x86.Build.0 = Release|Any CPU
	EndGlobalSection
	GlobalSection(SolutionProperties) = preSolution
		HideSolutionNode = FALSE
	EndGlobalSection
	GlobalSection(ExtensibilityGlobals) = postSolution
		SolutionGuid = {6050FE1F-6D4F-48AA-95DB-1DBC6E3FD866}
	EndGlobalSection
EndGlobal